
Microsoft Visual Studio Solution File, Format Version 12.00
# Visual Studio Version 17
VisualStudioVersion = 17.7.34024.191
MinimumVisualStudioVersion = 10.0.40219.1
Project("{FAE04EC0-301F-11D3-BF4B-00C04F79EFBC}") = "ArabamComCase.Core", "ArabamComCase.Core\ArabamComCase.Core.csproj", "{53EB4E4E-59C9-47BD-9BF3-7486DE74F9B9}"
EndProject
Project("{FAE04EC0-301F-11D3-BF4B-00C04F79EFBC}") = "ArabamComCase.Application", "ArabamComCase.Application\ArabamComCase.Application.csproj", "{37B1B9BF-3D91-404C-B5DD-470B78E7F453}"
EndProject
Project("{FAE04EC0-301F-11D3-BF4B-00C04F79EFBC}") = "ArabamComCase.Logging", "ArabamComCase.Logging\ArabamComCase.Logging.csproj", "{F2C3DFAF-D995-410F-A9DE-A6F8EC644525}"
EndProject
Project("{FAE04EC0-301F-11D3-BF4B-00C04F79EFBC}") = "ArabamComCase.Sql", "ArabamComCase.Sql\ArabamComCase.Sql.csproj", "{08DF2019-1E0A-4BE4-A739-63C0B8F6BE91}"
EndProject
Project("{FAE04EC0-301F-11D3-BF4B-00C04F79EFBC}") = "ArabamComCase.Infrastructure", "ArabamComCase.Infrastructure\ArabamComCase.Infrastructure.csproj", "{D8A27811-E2B5-4421-B8F3-0EEEEDCEA34F}"
EndProject
Global
	GlobalSection(SolutionConfigurationPlatforms) = preSolution
		Debug|Any CPU = Debug|Any CPU
		Release|Any CPU = Release|Any CPU
	EndGlobalSection
	GlobalSection(ProjectConfigurationPlatforms) = postSolution
		{53EB4E4E-59C9-47BD-9BF3-7486DE74F9B9}.Debug|Any CPU.ActiveCfg = Debug|Any CPU
		{53EB4E4E-59C9-47BD-9BF3-7486DE74F9B9}.Debug|Any CPU.Build.0 = Debug|Any CPU
		{53EB4E4E-59C9-47BD-9BF3-7486DE74F9B9}.Release|Any CPU.ActiveCfg = Release|Any CPU
		{53EB4E4E-59C9-47BD-9BF3-7486DE74F9B9}.Release|Any CPU.Build.0 = Release|Any CPU
		{37B1B9BF-3D91-404C-B5DD-470B78E7F453}.Debug|Any CPU.ActiveCfg = Debug|Any CPU
		{37B1B9BF-3D91-404C-B5DD-470B78E7F453}.Debug|Any CPU.Build.0 = Debug|Any CPU
		{37B1B9BF-3D91-404C-B5DD-470B78E7F453}.Release|Any CPU.ActiveCfg = Release|Any CPU
		{37B1B9BF-3D91-404C-B5DD-470B78E7F453}.Release|Any CPU.Build.0 = Release|Any CPU
		{F2C3DFAF-D995-410F-A9DE-A6F8EC644525}.Debug|Any CPU.ActiveCfg = Debug|Any CPU
		{F2C3DFAF-D995-410F-A9DE-A6F8EC644525}.Debug|Any CPU.Build.0 = Debug|Any CPU
		{F2C3DFAF-D995-410F-A9DE-A6F8EC644525}.Release|Any CPU.ActiveCfg = Release|Any CPU
		{F2C3DFAF-D995-410F-A9DE-A6F8EC644525}.Release|Any CPU.Build.0 = Release|Any CPU
		{08DF2019-1E0A-4BE4-A739-63C0B8F6BE91}.Debug|Any CPU.ActiveCfg = Debug|Any CPU
		{08DF2019-1E0A-4BE4-A739-63C0B8F6BE91}.Debug|Any CPU.Build.0 = Debug|Any CPU
		{08DF2019-1E0A-4BE4-A739-63C0B8F6BE91}.Release|Any CPU.ActiveCfg = Release|Any CPU
		{08DF2019-1E0A-4BE4-A739-63C0B8F6BE91}.Release|Any CPU.Build.0 = Release|Any CPU
		{D8A27811-E2B5-4421-B8F3-0EEEEDCEA34F}.Debug|Any CPU.ActiveCfg = Debug|Any CPU
		{D8A27811-E2B5-4421-B8F3-0EEEEDCEA34F}.Debug|Any CPU.Build.0 = Debug|Any CPU
		{D8A27811-E2B5-4421-B8F3-0EEEEDCEA34F}.Release|Any CPU.ActiveCfg = Release|Any CPU
		{D8A27811-E2B5-4421-B8F3-0EEEEDCEA34F}.Release|Any CPU.Build.0 = Release|Any CPU
	EndGlobalSection
	GlobalSection(SolutionProperties) = preSolution
		HideSolutionNode = FALSE
	EndGlobalSection
	GlobalSection(ExtensibilityGlobals) = postSolution
		SolutionGuid = {85648B54-ABDC-48D5-BB2B-A5A319C2D62B}
	EndGlobalSection
EndGlobal
